
Microsoft Visual Studio Solution File, Format Version 10.00
# Visual Studio 2008
Project("{F184B08F-C81C-45F6-A57F-5ABD9991F28F}") = "NurSampleCE_VB", "NurSampleCE_VB\NurSampleCE_VB.vbproj", "{97F0FA41-D76A-404E-9EDC-EB66F66F70A0}"
EndProject
Global
	GlobalSection(SolutionConfigurationPlatforms) = preSolution
		Debug|Any CPU = Debug|Any CPU
		Release|Any CPU = Release|Any CPU
	EndGlobalSection
	GlobalSection(ProjectConfigurationPlatforms) = postSolution
		{97F0FA41-D76A-404E-9EDC-EB66F66F70A0}.Debug|Any CPU.ActiveCfg = Debug|Any CPU
		{97F0FA41-D76A-404E-9EDC-EB66F66F70A0}.Debug|Any CPU.Build.0 = Debug|Any CPU
		{97F0FA41-D76A-404E-9EDC-EB66F66F70A0}.Debug|Any CPU.Deploy.0 = Debug|Any CPU
		{97F0FA41-D76A-404E-9EDC-EB66F66F70A0}.Release|Any CPU.ActiveCfg = Release|Any CPU
		{97F0FA41-D76A-404E-9EDC-EB66F66F70A0}.Release|Any CPU.Build.0 = Release|Any CPU
		{97F0FA41-D76A-404E-9EDC-EB66F66F70A0}.Release|Any CPU.Deploy.0 = Release|Any CPU
	EndGlobalSection
	GlobalSection(SolutionProperties) = preSolution
		HideSolutionNode = FALSE
	EndGlobalSection
EndGlobal
