
Microsoft Visual Studio Solution File, Format Version 10.00
# Visual Studio 2008
Project("{FAE04EC0-301F-11D3-BF4B-00C04F79EFBC}") = "RT0005Tag", "RT0005Tag\RT0005Tag.csproj", "{C25375DB-C181-4772-B227-113639DC8F9F}"
EndProject
Project("{FAE04EC0-301F-11D3-BF4B-00C04F79EFBC}") = "RT0005TagWCE", "RT0005TagWCE\RT0005TagWCE.csproj", "{31AE6D85-0AB9-4539-82E0-E06029E55FAB}"
EndProject
Project("{FAE04EC0-301F-11D3-BF4B-00C04F79EFBC}") = "CAENRT5Test", "CAENRT5Test\CAENRT5Test.csproj", "{5C23F614-1750-40F5-9D46-7728E5761B4E}"
EndProject
Project("{FAE04EC0-301F-11D3-BF4B-00C04F79EFBC}") = "CAENRT5WCE", "CAENRT5WCE\CAENRT5WCE.csproj", "{D0208CDA-00E3-456A-AD46-EAA40E5D5534}"
EndProject
Project("{FAE04EC0-301F-11D3-BF4B-00C04F79EFBC}") = "SL900ATag", "SL900ATag\SL900ATag.csproj", "{5BC4A0A7-BD6D-46A2-9557-410F3367BEBB}"
EndProject
Project("{FAE04EC0-301F-11D3-BF4B-00C04F79EFBC}") = "SL900ATest", "SL900ATest\SL900ATest.csproj", "{08C10716-DD4C-4915-9534-2AA6F3B48BAD}"
EndProject
Project("{FAE04EC0-301F-11D3-BF4B-00C04F79EFBC}") = "EM4325", "EM4325\EM4325.csproj", "{42AC321B-10EF-4AA0-876C-2B3CA2690EC2}"
EndProject
Project("{FAE04EC0-301F-11D3-BF4B-00C04F79EFBC}") = "EM4325Test", "EM4325Test\EM4325Test.csproj", "{FF4FFC5D-D202-4232-B4A0-54715F1C9704}"
EndProject
Project("{FAE04EC0-301F-11D3-BF4B-00C04F79EFBC}") = "EM4325WCE", "EM4325WCE\EM4325WCE.csproj", "{4721E81D-B7DE-4139-95CC-022C4A90AA4E}"
EndProject
Global
	GlobalSection(SolutionConfigurationPlatforms) = preSolution
		Debug|Any CPU = Debug|Any CPU
		Release|Any CPU = Release|Any CPU
	EndGlobalSection
	GlobalSection(ProjectConfigurationPlatforms) = postSolution
		{C25375DB-C181-4772-B227-113639DC8F9F}.Debug|Any CPU.ActiveCfg = Debug|Any CPU
		{C25375DB-C181-4772-B227-113639DC8F9F}.Debug|Any CPU.Build.0 = Debug|Any CPU
		{C25375DB-C181-4772-B227-113639DC8F9F}.Release|Any CPU.ActiveCfg = Release|Any CPU
		{C25375DB-C181-4772-B227-113639DC8F9F}.Release|Any CPU.Build.0 = Release|Any CPU
		{31AE6D85-0AB9-4539-82E0-E06029E55FAB}.Debug|Any CPU.ActiveCfg = Debug|Any CPU
		{31AE6D85-0AB9-4539-82E0-E06029E55FAB}.Release|Any CPU.ActiveCfg = Release|Any CPU
		{31AE6D85-0AB9-4539-82E0-E06029E55FAB}.Release|Any CPU.Build.0 = Release|Any CPU
		{5C23F614-1750-40F5-9D46-7728E5761B4E}.Debug|Any CPU.ActiveCfg = Debug|Any CPU
		{5C23F614-1750-40F5-9D46-7728E5761B4E}.Debug|Any CPU.Build.0 = Debug|Any CPU
		{5C23F614-1750-40F5-9D46-7728E5761B4E}.Release|Any CPU.ActiveCfg = Release|Any CPU
		{5C23F614-1750-40F5-9D46-7728E5761B4E}.Release|Any CPU.Build.0 = Release|Any CPU
		{D0208CDA-00E3-456A-AD46-EAA40E5D5534}.Debug|Any CPU.ActiveCfg = Debug|Any CPU
		{D0208CDA-00E3-456A-AD46-EAA40E5D5534}.Release|Any CPU.ActiveCfg = Release|Any CPU
		{D0208CDA-00E3-456A-AD46-EAA40E5D5534}.Release|Any CPU.Build.0 = Release|Any CPU
		{D0208CDA-00E3-456A-AD46-EAA40E5D5534}.Release|Any CPU.Deploy.0 = Release|Any CPU
		{5BC4A0A7-BD6D-46A2-9557-410F3367BEBB}.Debug|Any CPU.ActiveCfg = Debug|Any CPU
		{5BC4A0A7-BD6D-46A2-9557-410F3367BEBB}.Release|Any CPU.ActiveCfg = Release|Any CPU
		{5BC4A0A7-BD6D-46A2-9557-410F3367BEBB}.Release|Any CPU.Build.0 = Release|Any CPU
		{08C10716-DD4C-4915-9534-2AA6F3B48BAD}.Debug|Any CPU.ActiveCfg = Debug|Any CPU
		{08C10716-DD4C-4915-9534-2AA6F3B48BAD}.Release|Any CPU.ActiveCfg = Release|Any CPU
		{08C10716-DD4C-4915-9534-2AA6F3B48BAD}.Release|Any CPU.Build.0 = Release|Any CPU
		{42AC321B-10EF-4AA0-876C-2B3CA2690EC2}.Debug|Any CPU.ActiveCfg = Debug|Any CPU
		{42AC321B-10EF-4AA0-876C-2B3CA2690EC2}.Release|Any CPU.ActiveCfg = Release|Any CPU
		{42AC321B-10EF-4AA0-876C-2B3CA2690EC2}.Release|Any CPU.Build.0 = Release|Any CPU
		{FF4FFC5D-D202-4232-B4A0-54715F1C9704}.Debug|Any CPU.ActiveCfg = Debug|Any CPU
		{FF4FFC5D-D202-4232-B4A0-54715F1C9704}.Release|Any CPU.ActiveCfg = Release|Any CPU
		{FF4FFC5D-D202-4232-B4A0-54715F1C9704}.Release|Any CPU.Build.0 = Release|Any CPU
		{4721E81D-B7DE-4139-95CC-022C4A90AA4E}.Debug|Any CPU.ActiveCfg = Debug|Any CPU
		{4721E81D-B7DE-4139-95CC-022C4A90AA4E}.Release|Any CPU.ActiveCfg = Release|Any CPU
		{4721E81D-B7DE-4139-95CC-022C4A90AA4E}.Release|Any CPU.Build.0 = Release|Any CPU
	EndGlobalSection
	GlobalSection(SolutionProperties) = preSolution
		HideSolutionNode = FALSE
	EndGlobalSection
EndGlobal
